
Microsoft Visual Studio Solution File, Format Version 12.00
# Visual Studio Version 16
VisualStudioVersion = 16.0.29613.14
MinimumVisualStudioVersion = 10.0.40219.1
Project("{FAE04EC0-301F-11D3-BF4B-00C04F79EFBC}") = "Desafio03Cshar", "Desafio03Cshar\Desafio03Cshar.csproj", "{52984FFC-19DE-4F50-985F-0ADB2B0BD606}"
EndProject
Global
	GlobalSection(SolutionConfigurationPlatforms) = preSolution
		Debug|Any CPU = Debug|Any CPU
		Release|Any CPU = Release|Any CPU
	EndGlobalSection
	GlobalSection(ProjectConfigurationPlatforms) = postSolution
		{52984FFC-19DE-4F50-985F-0ADB2B0BD606}.Debug|Any CPU.ActiveCfg = Debug|Any CPU
		{52984FFC-19DE-4F50-985F-0ADB2B0BD606}.Debug|Any CPU.Build.0 = Debug|Any CPU
		{52984FFC-19DE-4F50-985F-0ADB2B0BD606}.Release|Any CPU.ActiveCfg = Release|Any CPU
		{52984FFC-19DE-4F50-985F-0ADB2B0BD606}.Release|Any CPU.Build.0 = Release|Any CPU
	EndGlobalSection
	GlobalSection(SolutionProperties) = preSolution
		HideSolutionNode = FALSE
	EndGlobalSection
	GlobalSection(ExtensibilityGlobals) = postSolution
		SolutionGuid = {CDC79891-54FA-4819-B6B5-E6304A76F808}
	EndGlobalSection
EndGlobal
